
Microsoft Visual Studio Solution File, Format Version 12.00
# Visual Studio 15
VisualStudioVersion = 15.0.27130.2010
MinimumVisualStudioVersion = 10.0.40219.1
Project("{FAE04EC0-301F-11D3-BF4B-00C04F79EFBC}") = "NuclearTerminal.FunctionApp", "NuclearTerminal.FunctionApp\NuclearTerminal.FunctionApp.csproj", "{A0222FD7-3F1F-49F5-8071-EF550C73BE90}"
EndProject
Global
	GlobalSection(SolutionConfigurationPlatforms) = preSolution
		Debug|Any CPU = Debug|Any CPU
		Release|Any CPU = Release|Any CPU
	EndGlobalSection
	GlobalSection(ProjectConfigurationPlatforms) = postSolution
		{A0222FD7-3F1F-49F5-8071-EF550C73BE90}.Debug|Any CPU.ActiveCfg = Debug|Any CPU
		{A0222FD7-3F1F-49F5-8071-EF550C73BE90}.Debug|Any CPU.Build.0 = Debug|Any CPU
		{A0222FD7-3F1F-49F5-8071-EF550C73BE90}.Release|Any CPU.ActiveCfg = Release|Any CPU
		{A0222FD7-3F1F-49F5-8071-EF550C73BE90}.Release|Any CPU.Build.0 = Release|Any CPU
	EndGlobalSection
	GlobalSection(SolutionProperties) = preSolution
		HideSolutionNode = FALSE
	EndGlobalSection
	GlobalSection(ExtensibilityGlobals) = postSolution
		SolutionGuid = {13738C81-520A-40E9-80C7-30F0846995E1}
	EndGlobalSection
EndGlobal
